
Microsoft Visual Studio Solution File, Format Version 12.00
# Visual Studio Version 16
VisualStudioVersion = 16.0.29728.190
MinimumVisualStudioVersion = 10.0.40219.1
Project("{FAE04EC0-301F-11D3-BF4B-00C04F79EFBC}") = "DeviceManager.Api", "DeviceManager.Api\DeviceManager.Api.csproj", "{DA517655-74E8-4174-B011-6C021E83BB66}"
EndProject
Project("{FAE04EC0-301F-11D3-BF4B-00C04F79EFBC}") = "DeviceManager.Entity", "DeviceManager.Entity\DeviceManager.Entity.csproj", "{D28A525D-6DA9-46E9-A6ED-EBBC78ABCEB3}"
EndProject
Project("{FAE04EC0-301F-11D3-BF4B-00C04F79EFBC}") = "DeviceManager.Service", "DeviceManager.Service\DeviceManager.Service.csproj", "{4D4F496C-62DE-4CDF-A2CF-37D6352A20BD}"
EndProject
Project("{FAE04EC0-301F-11D3-BF4B-00C04F79EFBC}") = "DeviceManager.FileParsing", "DeviceManager.FileParsing\DeviceManager.FileParsing.csproj", "{3E06185E-EF0A-4A72-A014-B6735120ACA2}"
EndProject
Project("{2150E333-8FDC-42A3-9474-1A3956D46DE8}") = "Setup", "Setup", "{28113966-4A43-4C8E-905A-AF25053FB9DC}"
EndProject
Project("{930C7802-8A8C-48F9-8165-68863BCCD9DD}") = "DeviceManager.Setup.Server", "..\Setup\Setup.Server\DeviceManager.Setup.Server.wixproj", "{E7AE6893-D08C-4E7A-8EF1-5946F1E5C028}"
EndProject
Project("{FAE04EC0-301F-11D3-BF4B-00C04F79EFBC}") = "DeviceManager.Setup.Server.CustomActions", "..\Setup\Setup.Server.CustomActions\DeviceManager.Setup.Server.CustomActions.csproj", "{70559861-3FC9-4CFE-A72C-60D0E842E619}"
EndProject
Global
	GlobalSection(SolutionConfigurationPlatforms) = preSolution
		Debug|Any CPU = Debug|Any CPU
		Debug|x86 = Debug|x86
		Release|Any CPU = Release|Any CPU
		Release|x86 = Release|x86
	EndGlobalSection
	GlobalSection(ProjectConfigurationPlatforms) = postSolution
		{DA517655-74E8-4174-B011-6C021E83BB66}.Debug|Any CPU.ActiveCfg = Debug|Any CPU
		{DA517655-74E8-4174-B011-6C021E83BB66}.Debug|Any CPU.Build.0 = Debug|Any CPU
		{DA517655-74E8-4174-B011-6C021E83BB66}.Debug|x86.ActiveCfg = Debug|Any CPU
		{DA517655-74E8-4174-B011-6C021E83BB66}.Debug|x86.Build.0 = Debug|Any CPU
		{DA517655-74E8-4174-B011-6C021E83BB66}.Release|Any CPU.ActiveCfg = Release|Any CPU
		{DA517655-74E8-4174-B011-6C021E83BB66}.Release|Any CPU.Build.0 = Release|Any CPU
		{DA517655-74E8-4174-B011-6C021E83BB66}.Release|x86.ActiveCfg = Release|Any CPU
		{DA517655-74E8-4174-B011-6C021E83BB66}.Release|x86.Build.0 = Release|Any CPU
		{D28A525D-6DA9-46E9-A6ED-EBBC78ABCEB3}.Debug|Any CPU.ActiveCfg = Debug|Any CPU
		{D28A525D-6DA9-46E9-A6ED-EBBC78ABCEB3}.Debug|Any CPU.Build.0 = Debug|Any CPU
		{D28A525D-6DA9-46E9-A6ED-EBBC78ABCEB3}.Debug|x86.ActiveCfg = Debug|Any CPU
		{D28A525D-6DA9-46E9-A6ED-EBBC78ABCEB3}.Debug|x86.Build.0 = Debug|Any CPU
		{D28A525D-6DA9-46E9-A6ED-EBBC78ABCEB3}.Release|Any CPU.ActiveCfg = Release|Any CPU
		{D28A525D-6DA9-46E9-A6ED-EBBC78ABCEB3}.Release|Any CPU.Build.0 = Release|Any CPU
		{D28A525D-6DA9-46E9-A6ED-EBBC78ABCEB3}.Release|x86.ActiveCfg = Release|Any CPU
		{D28A525D-6DA9-46E9-A6ED-EBBC78ABCEB3}.Release|x86.Build.0 = Release|Any CPU
		{4D4F496C-62DE-4CDF-A2CF-37D6352A20BD}.Debug|Any CPU.ActiveCfg = Debug|Any CPU
		{4D4F496C-62DE-4CDF-A2CF-37D6352A20BD}.Debug|Any CPU.Build.0 = Debug|Any CPU
		{4D4F496C-62DE-4CDF-A2CF-37D6352A20BD}.Debug|x86.ActiveCfg = Debug|Any CPU
		{4D4F496C-62DE-4CDF-A2CF-37D6352A20BD}.Debug|x86.Build.0 = Debug|Any CPU
		{4D4F496C-62DE-4CDF-A2CF-37D6352A20BD}.Release|Any CPU.ActiveCfg = Release|Any CPU
		{4D4F496C-62DE-4CDF-A2CF-37D6352A20BD}.Release|Any CPU.Build.0 = Release|Any CPU
		{4D4F496C-62DE-4CDF-A2CF-37D6352A20BD}.Release|x86.ActiveCfg = Release|Any CPU
		{4D4F496C-62DE-4CDF-A2CF-37D6352A20BD}.Release|x86.Build.0 = Release|Any CPU
		{3E06185E-EF0A-4A72-A014-B6735120ACA2}.Debug|Any CPU.ActiveCfg = Debug|Any CPU
		{3E06185E-EF0A-4A72-A014-B6735120ACA2}.Debug|Any CPU.Build.0 = Debug|Any CPU
		{3E06185E-EF0A-4A72-A014-B6735120ACA2}.Debug|x86.ActiveCfg = Debug|Any CPU
		{3E06185E-EF0A-4A72-A014-B6735120ACA2}.Debug|x86.Build.0 = Debug|Any CPU
		{3E06185E-EF0A-4A72-A014-B6735120ACA2}.Release|Any CPU.ActiveCfg = Release|Any CPU
		{3E06185E-EF0A-4A72-A014-B6735120ACA2}.Release|Any CPU.Build.0 = Release|Any CPU
		{3E06185E-EF0A-4A72-A014-B6735120ACA2}.Release|x86.ActiveCfg = Release|Any CPU
		{3E06185E-EF0A-4A72-A014-B6735120ACA2}.Release|x86.Build.0 = Release|Any CPU
		{E7AE6893-D08C-4E7A-8EF1-5946F1E5C028}.Debug|Any CPU.ActiveCfg = Debug|x86
		{E7AE6893-D08C-4E7A-8EF1-5946F1E5C028}.Debug|x86.ActiveCfg = Debug|x86
		{E7AE6893-D08C-4E7A-8EF1-5946F1E5C028}.Debug|x86.Build.0 = Debug|x86
		{E7AE6893-D08C-4E7A-8EF1-5946F1E5C028}.Release|Any CPU.ActiveCfg = Release|x86
		{E7AE6893-D08C-4E7A-8EF1-5946F1E5C028}.Release|x86.ActiveCfg = Release|x86
		{E7AE6893-D08C-4E7A-8EF1-5946F1E5C028}.Release|x86.Build.0 = Release|x86
		{70559861-3FC9-4CFE-A72C-60D0E842E619}.Debug|Any CPU.ActiveCfg = Debug|x86
		{70559861-3FC9-4CFE-A72C-60D0E842E619}.Debug|Any CPU.Build.0 = Debug|x86
		{70559861-3FC9-4CFE-A72C-60D0E842E619}.Debug|x86.ActiveCfg = Debug|x86
		{70559861-3FC9-4CFE-A72C-60D0E842E619}.Debug|x86.Build.0 = Debug|x86
		{70559861-3FC9-4CFE-A72C-60D0E842E619}.Release|Any CPU.ActiveCfg = Release|x86
		{70559861-3FC9-4CFE-A72C-60D0E842E619}.Release|Any CPU.Build.0 = Release|x86
		{70559861-3FC9-4CFE-A72C-60D0E842E619}.Release|x86.ActiveCfg = Release|x86
		{70559861-3FC9-4CFE-A72C-60D0E842E619}.Release|x86.Build.0 = Release|x86
	EndGlobalSection
	GlobalSection(SolutionProperties) = preSolution
		HideSolutionNode = FALSE
	EndGlobalSection
	GlobalSection(NestedProjects) = preSolution
		{E7AE6893-D08C-4E7A-8EF1-5946F1E5C028} = {28113966-4A43-4C8E-905A-AF25053FB9DC}
		{70559861-3FC9-4CFE-A72C-60D0E842E619} = {28113966-4A43-4C8E-905A-AF25053FB9DC}
	EndGlobalSection
	GlobalSection(ExtensibilityGlobals) = postSolution
		SolutionGuid = {5BB9DDE8-610F-4369-9D0A-E79F982C7063}
	EndGlobalSection
EndGlobal
